# This file is automatically @generated by Cargo.
# It is not intended for manual editing.
version = 4

[[package]]
name = "salvage-cli"
version = "0.1.0"
dependencies = [
 "salvage-core",
]

[[package]]
name = "salvage-core"
version = "0.1.0"
dependencies = [
 "salvage-evidence",
 "salvage-postgres",
]

[[package]]
name = "salvage-evidence"
version = "0.1.0"

[[package]]
name = "salvage-postgres"
version = "0.1.0"
